PODS:
  - Cosmos (23.0.0)
  - DKCamera (1.6.7)
  - DKImagePickerController/Camera (4.3.2):
    - DKCamera
    - DKImagePickerController/Core
  - DKImagePickerController/Core (4.3.2):
    - DKImagePickerController/ImageDataManager
    - DKImagePickerController/Resource
  - DKImagePickerController/ImageDataManager (4.3.2)
  - DKImagePickerController/Resource (4.3.2)
  - IBPCollectionViewCompositionalLayout (0.6.9)
  - KhrysalisRuntime (1.0.0-RC1)
  - LifecycleHooks (0.6.2)
  - M13Checkbox (3.4.0)
  - RxCocoa (6.2.0):
    - RxRelay (= 6.2.0)
    - RxSwift (= 6.2.0)
  - RxCoreLocation (1.5.1):
    - RxCoreLocation/Core (= 1.5.1)
  - RxCoreLocation/Core (1.5.1):
    - RxCocoa (~> 6.0)
    - RxSwift (~> 6.0)
  - RxRelay (6.2.0):
    - RxSwift (= 6.2.0)
  - RxSwift (6.2.0)
  - RxSwiftPlus (0.1.0):
    - RxSwiftPlus/Bindings (= 0.1.0)
    - RxSwiftPlus/BindingsCosmo (= 0.1.0)
    - RxSwiftPlus/BindingsSearchTextField (= 0.1.0)
    - RxSwiftPlus/BindingsXibToXmlRuntime (= 0.1.0)
    - RxSwiftPlus/BindingsXibToXmlRuntimeKhrysalis (= 0.1.0)
    - RxSwiftPlus/Core (= 0.1.0)
    - RxSwiftPlus/Http (= 0.1.0)
    - RxSwiftPlus/Resources (= 0.1.0)
    - RxSwiftPlus/ViewGenerator (= 0.1.0)
    - RxSwiftPlus/ViewGeneratorCalendar (= 0.1.0)
    - RxSwiftPlus/ViewGeneratorImage (= 0.1.0)
    - RxSwiftPlus/ViewGeneratorLocation (= 0.1.0)
  - RxSwiftPlus/Bindings (0.1.0):
    - IBPCollectionViewCompositionalLayout
    - LifecycleHooks
    - RxSwiftPlus/Core
  - RxSwiftPlus/BindingsCosmo (0.1.0):
    - Cosmos
    - RxSwiftPlus/Bindings
  - RxSwiftPlus/BindingsSearchTextField (0.1.0):
    - RxSwiftPlus/Bindings
    - SearchTextField
  - RxSwiftPlus/BindingsXibToXmlRuntime (0.1.0):
    - RxSwiftPlus/Bindings
    - XmlToXibRuntime
  - RxSwiftPlus/BindingsXibToXmlRuntimeKhrysalis (0.1.0):
    - KhrysalisRuntime
    - RxSwiftPlus/BindingsXibToXmlRuntime
  - RxSwiftPlus/Core (0.1.0):
    - RxCocoa (~> 6.2.0)
    - RxSwift (~> 6.2.0)
  - RxSwiftPlus/Http (0.1.0):
    - Starscream
  - RxSwiftPlus/Resources (0.1.0):
    - RxSwiftPlus/Core
  - RxSwiftPlus/ViewGenerator (0.1.0):
    - RxSwiftPlus/Resources
  - RxSwiftPlus/ViewGeneratorCalendar (0.1.0):
    - RxSwiftPlus/ViewGenerator
  - RxSwiftPlus/ViewGeneratorImage (0.1.0):
    - DKImagePickerController/Camera
    - DKImagePickerController/Core
    - DKImagePickerController/ImageDataManager
    - DKImagePickerController/Resource
    - RxSwiftPlus/Resources
    - RxSwiftPlus/ViewGenerator
  - RxSwiftPlus/ViewGeneratorLocation (0.1.0):
    - RxCoreLocation
    - RxSwiftPlus/ViewGenerator
  - SearchTextField (1.2.4)
  - Starscream (4.0.4)
  - XmlToXibRuntime (0.1.0):
    - M13Checkbox

DEPENDENCIES:
  - Cosmos (from `https://github.com/lightningkite/Cosmos.git`, branch `master`)
  - KhrysalisRuntime (from `https://github.com/lightningkite/khrysalis.git`, branch `master`)
  - RxCoreLocation (from `https://github.com/RxSwiftCommunity/RxCoreLocation.git`, branch `master`)
  - RxSwift (from `https://github.com/lightningkite/RxSwift.git`, branch `main`)
  - RxSwiftPlus (from `https://github.com/lightningkite/RxSwiftPlus.git`, branch `master`)
  - XmlToXibRuntime (from `https://github.com/lightningkite/android-xml-to-ios-xib.git`, branch `master`)

SPEC REPOS:
  trunk:
    - DKCamera
    - DKImagePickerController
    - IBPCollectionViewCompositionalLayout
    - LifecycleHooks
    - M13Checkbox
    - RxCocoa
    - RxRelay
    - SearchTextField
    - Starscream

EXTERNAL SOURCES:
  Cosmos:
    :branch: master
    :git: https://github.com/lightningkite/Cosmos.git
  KhrysalisRuntime:
    :branch: master
    :git: https://github.com/lightningkite/khrysalis.git
  RxCoreLocation:
    :branch: master
    :git: https://github.com/RxSwiftCommunity/RxCoreLocation.git
  RxSwift:
    :branch: main
    :git: https://github.com/lightningkite/RxSwift.git
  RxSwiftPlus:
    :branch: master
    :git: https://github.com/lightningkite/RxSwiftPlus.git
  XmlToXibRuntime:
    :branch: master
    :git: https://github.com/lightningkite/android-xml-to-ios-xib.git

CHECKOUT OPTIONS:
  Cosmos:
    :commit: a5ae9304b7d295cc7875573669895b2c15d4f48a
    :git: https://github.com/lightningkite/Cosmos.git
  KhrysalisRuntime:
    :commit: a6d54167b58d17650bbc72ce82c697515741bfe2
    :git: https://github.com/lightningkite/khrysalis.git
  RxCoreLocation:
    :commit: 8c4b301640e84c258018a82a105678ae287576a7
    :git: https://github.com/RxSwiftCommunity/RxCoreLocation.git
  RxSwift:
    :commit: 49051fd8058467f0feb1a7921ad54c139b2c84f3
    :git: https://github.com/lightningkite/RxSwift.git
  RxSwiftPlus:
    :commit: ba2d119606ff89e0719c1b15c374e7ebf9d6c9f9
    :git: https://github.com/lightningkite/RxSwiftPlus.git
  XmlToXibRuntime:
    :commit: 3d2595df9d4bfeaa74ada5acbe24efd037aab775
    :git: https://github.com/lightningkite/android-xml-to-ios-xib.git

SPEC CHECKSUMS:
  Cosmos: b5c6a9a637e28a061b54c8f8b1d8529d7d4db73f
  DKCamera: a902b66921fca14b7a75266feb8c7568aa7caa71
  DKImagePickerController: b5eb7f7a388e4643264105d648d01f727110fc3d
  IBPCollectionViewCompositionalLayout: bbb29e39ac564666a8c3cdb6633ed944b6feb55b
  KhrysalisRuntime: 9167734b684ef1d9f3cf5f655eaf7a0796f3672f
  LifecycleHooks: 246984e8ef036a8c717298166845bb999b245f5b
  M13Checkbox: 6f59404540ac98ba83a3d1afac335895a40c6a5d
  RxCocoa: 4baf94bb35f2c0ab31bc0cb9f1900155f646ba42
  RxCoreLocation: 5db05ff830a313466a29e82798d983826b93a2f8
  RxRelay: e72dbfd157807478401ef1982e1c61c945c94b2f
  RxSwift: d356ab7bee873611322f134c5f9ef379fa183d8f
  RxSwiftPlus: 0adf05aaa8534dbd268500335323eb5778239ef3
  SearchTextField: 40dc3cc57def5a211f263cac263622c163bbc25a
  Starscream: 5178aed56b316f13fa3bc55694e583d35dd414d9
  XmlToXibRuntime: fb0067babac6185448e49ad067fbc3b0fa0c86fc

PODFILE CHECKSUM: 68ab65f815fca8dd299c52db3f57614798e46d91

COCOAPODS: 1.11.3
